<?xml version="1.0" encoding="utf-8"?>
<Project ToolsVersion="16.0" xmlns="http://schemas.microsoft.com/developer/msbuild/2003">
  <ItemGroup>
    <ClCompile Include="C:\git\library\abseil\abseil-cpp\absl\random\internal\randen_round_keys.cc">
      <Filter>Source Files</Filter>
    </ClCompile>
  </ItemGroup>
  <ItemGroup>
    <ClInclude Include="C:\git\library\abseil\abseil-cpp\absl\random\internal\randen_traits.h">
      <Filter>Header Files</Filter>
    </ClInclude>
    <ClInclude Include="C:\git\library\abseil\abseil-cpp\absl\random\internal\platform.h">
      <Filter>Header Files</Filter>
    </ClInclude>
  </ItemGroup>
  <ItemGroup>
    <CustomBuild Include="C:\git\library\abseil\abseil-cpp\absl\random\CMakeLists.txt" />
  </ItemGroup>
  <ItemGroup>
    <Filter Include="Header Files">
      <UniqueIdentifier>{5C40F0AD-F605-3F5D-87C5-B6EE402A13F7}</UniqueIdentifier>
    </Filter>
    <Filter Include="Source Files">
      <UniqueIdentifier>{B2EF4844-F991-3228-9443-6A6BA3EC338C}</UniqueIdentifier>
    </Filter>
  </ItemGroup>
</Project>
