
Microsoft Visual Studio Solution File, Format Version 12.00
# Visual Studio Version 16
VisualStudioVersion = 16.0.32802.440
MinimumVisualStudioVersion = 10.0.40219.1
Project("{8BC9CEB8-8B4A-11D0-8D11-00A0C91BC942}") = "client", "client.vcxproj", "{C55FC866-8AF4-42CD-A4F0-7DA5D681ED3B}"
EndProject
Global
	GlobalSection(SolutionConfigurationPlatforms) = preSolution
		Debug|x64 = Debug|x64
		Debug|x86 = Debug|x86
		Release|x64 = Release|x64
		Release|x86 = Release|x86
	EndGlobalSection
	GlobalSection(ProjectConfigurationPlatforms) = postSolution
		{C55FC866-8AF4-42CD-A4F0-7DA5D681ED3B}.Debug|x64.ActiveCfg = Debug|x64
		{C55FC866-8AF4-42CD-A4F0-7DA5D681ED3B}.Debug|x64.Build.0 = Debug|x64
		{C55FC866-8AF4-42CD-A4F0-7DA5D681ED3B}.Debug|x86.ActiveCfg = Debug|Win32
		{C55FC866-8AF4-42CD-A4F0-7DA5D681ED3B}.Debug|x86.Build.0 = Debug|Win32
		{C55FC866-8AF4-42CD-A4F0-7DA5D681ED3B}.Release|x64.ActiveCfg = Release|x64
		{C55FC866-8AF4-42CD-A4F0-7DA5D681ED3B}.Release|x64.Build.0 = Release|x64
		{C55FC866-8AF4-42CD-A4F0-7DA5D681ED3B}.Release|x86.ActiveCfg = Release|Win32
		{C55FC866-8AF4-42CD-A4F0-7DA5D681ED3B}.Release|x86.Build.0 = Release|Win32
	EndGlobalSection
	GlobalSection(SolutionProperties) = preSolution
		HideSolutionNode = FALSE
	EndGlobalSection
	GlobalSection(ExtensibilityGlobals) = postSolution
		SolutionGuid = {CFC15E4F-97E8-4023-8313-8A1553F59FE3}
	EndGlobalSection
EndGlobal
