<?xml version="1.0" encoding="utf-8"?>
<Project ToolsVersion="16.0" xmlns="http://schemas.microsoft.com/developer/msbuild/2003">
  <ItemGroup>
    <ClCompile Include="C:\git\library\abseil\abseil-cpp\absl\base\internal\cycleclock.cc">
      <Filter>Source Files</Filter>
    </ClCompile>
    <ClCompile Include="C:\git\library\abseil\abseil-cpp\absl\base\internal\spinlock.cc">
      <Filter>Source Files</Filter>
    </ClCompile>
    <ClCompile Include="C:\git\library\abseil\abseil-cpp\absl\base\internal\sysinfo.cc">
      <Filter>Source Files</Filter>
    </ClCompile>
    <ClCompile Include="C:\git\library\abseil\abseil-cpp\absl\base\internal\thread_identity.cc">
      <Filter>Source Files</Filter>
    </ClCompile>
    <ClCompile Include="C:\git\library\abseil\abseil-cpp\absl\base\internal\unscaledcycleclock.cc">
      <Filter>Source Files</Filter>
    </ClCompile>
  </ItemGroup>
  <ItemGroup>
    <ClInclude Include="C:\git\library\abseil\abseil-cpp\absl\base\call_once.h">
      <Filter>Header Files</Filter>
    </ClInclude>
    <ClInclude Include="C:\git\library\abseil\abseil-cpp\absl\base\casts.h">
      <Filter>Header Files</Filter>
    </ClInclude>
    <ClInclude Include="C:\git\library\abseil\abseil-cpp\absl\base\internal\cycleclock.h">
      <Filter>Header Files</Filter>
    </ClInclude>
    <ClInclude Include="C:\git\library\abseil\abseil-cpp\absl\base\internal\cycleclock_config.h">
      <Filter>Header Files</Filter>
    </ClInclude>
    <ClInclude Include="C:\git\library\abseil\abseil-cpp\absl\base\internal\low_level_scheduling.h">
      <Filter>Header Files</Filter>
    </ClInclude>
    <ClInclude Include="C:\git\library\abseil\abseil-cpp\absl\base\internal\per_thread_tls.h">
      <Filter>Header Files</Filter>
    </ClInclude>
    <ClInclude Include="C:\git\library\abseil\abseil-cpp\absl\base\internal\spinlock.h">
      <Filter>Header Files</Filter>
    </ClInclude>
    <ClInclude Include="C:\git\library\abseil\abseil-cpp\absl\base\internal\sysinfo.h">
      <Filter>Header Files</Filter>
    </ClInclude>
    <ClInclude Include="C:\git\library\abseil\abseil-cpp\absl\base\internal\thread_identity.h">
      <Filter>Header Files</Filter>
    </ClInclude>
    <ClInclude Include="C:\git\library\abseil\abseil-cpp\absl\base\internal\tsan_mutex_interface.h">
      <Filter>Header Files</Filter>
    </ClInclude>
    <ClInclude Include="C:\git\library\abseil\abseil-cpp\absl\base\internal\unscaledcycleclock.h">
      <Filter>Header Files</Filter>
    </ClInclude>
    <ClInclude Include="C:\git\library\abseil\abseil-cpp\absl\base\internal\unscaledcycleclock_config.h">
      <Filter>Header Files</Filter>
    </ClInclude>
  </ItemGroup>
  <ItemGroup>
    <CustomBuild Include="C:\git\library\abseil\abseil-cpp\absl\base\CMakeLists.txt" />
  </ItemGroup>
  <ItemGroup>
    <Filter Include="Header Files">
      <UniqueIdentifier>{5C40F0AD-F605-3F5D-87C5-B6EE402A13F7}</UniqueIdentifier>
    </Filter>
    <Filter Include="Source Files">
      <UniqueIdentifier>{B2EF4844-F991-3228-9443-6A6BA3EC338C}</UniqueIdentifier>
    </Filter>
  </ItemGroup>
</Project>
