<?xml version="1.0" encoding="utf-8"?>
<Project ToolsVersion="16.0" xmlns="http://schemas.microsoft.com/developer/msbuild/2003">
  <ItemGroup>
    <CustomBuild Include="C:\git\library\abseil\abseil-cpp\CMakeFiles\3d73b8d85aa99ac453a55413e0c8383b\RUN_TESTS_force.rule">
      <Filter>CMake Rules</Filter>
    </CustomBuild>
  </ItemGroup>
  <ItemGroup>
    <Filter Include="CMake Rules">
      <UniqueIdentifier>{C006CA3B-7217-3490-BEE1-E309A699444F}</UniqueIdentifier>
    </Filter>
  </ItemGroup>
</Project>
